// !$*UTF8*$!
{
	archiveVersion = 1;
	classes = {
	};
	objectVersion = 48;
	objects = {

/* Begin PBXBuildFile section */
		14E22145F2A88A37D549C160 /* Pods_ReactantKlozetTests.framework in Frameworks */ = {isa = PBXBuildFile; fileRef = B6E0A050ED763D2EE3FCEF93 /* Pods_ReactantKlozetTests.framework */; };
		563E3628E1DA6228BF7A56FF /* Pods_ReactantKlozetUITests.framework in Frameworks */ = {isa = PBXBuildFile; fileRef = 609D621EDA09C5838702A894 /* Pods_ReactantKlozetUITests.framework */; };
		9F42B10E7DEAF0D074FEDAD0 /* Pods_ReactantKlozet.framework in Frameworks */ = {isa = PBXBuildFile; fileRef = A9B90086362443AF4DF543A9 /* Pods_ReactantKlozet.framework */; };
		F860AD362002806C00EEC753 /* AppDelegate.swift in Sources */ = {isa = PBXBuildFile; fileRef = F860AD352002806C00EEC753 /* AppDelegate.swift */; };
		F860AD3E2002806C00EEC753 /* ReactantKlozet.xcdatamodeld in Sources */ = {isa = PBXBuildFile; fileRef = F860AD3C2002806C00EEC753 /* ReactantKlozet.xcdatamodeld */; };
		F860AD402002806C00EEC753 /* Assets.xcassets in Resources */ = {isa = PBXBuildFile; fileRef = F860AD3F2002806C00EEC753 /* Assets.xcassets */; };
		F860AD432002806C00EEC753 /* LaunchScreen.storyboard in Resources */ = {isa = PBXBuildFile; fileRef = F860AD412002806C00EEC753 /* LaunchScreen.storyboard */; };
		F860AD4E2002806C00EEC753 /* ReactantKlozetTests.swift in Sources */ = {isa = PBXBuildFile; fileRef = F860AD4D2002806C00EEC753 /* ReactantKlozetTests.swift */; };
		F860AD592002806D00EEC753 /* ReactantKlozetUITests.swift in Sources */ = {isa = PBXBuildFile; fileRef = F860AD582002806D00EEC753 /* ReactantKlozetUITests.swift */; };
		F860AD8D2002C50E00EEC753 /* DetailController.swift in Sources */ = {isa = PBXBuildFile; fileRef = F860AD8C2002C50E00EEC753 /* DetailController.swift */; };
		F860AD8F2002C57700EEC753 /* DetailRootView.swift in Sources */ = {isa = PBXBuildFile; fileRef = F860AD8E2002C57700EEC753 /* DetailRootView.swift */; };
		F860AD912002C5CD00EEC753 /* DetailRootView.ui.xml in Resources */ = {isa = PBXBuildFile; fileRef = F860AD902002C5CD00EEC753 /* DetailRootView.ui.xml */; };
		F860AD992002C93500EEC753 /* GeneratedUI.swift in Sources */ = {isa = PBXBuildFile; fileRef = F860AD982002C93500EEC753 /* GeneratedUI.swift */; };
		F860AD9F2003758100EEC753 /* UIColor+UIFontExtension.swift in Sources */ = {isa = PBXBuildFile; fileRef = F860AD9E2003758100EEC753 /* UIColor+UIFontExtension.swift */; };
		F860ADA1200377F200EEC753 /* General.styles.xml in Resources */ = {isa = PBXBuildFile; fileRef = F860ADA0200377F200EEC753 /* General.styles.xml */; };
		F860ADA32003832500EEC753 /* DetailToiletService.swift in Sources */ = {isa = PBXBuildFile; fileRef = F860ADA22003832500EEC753 /* DetailToiletService.swift */; };
		F860ADA52003941300EEC753 /* Toilet.swift in Sources */ = {isa = PBXBuildFile; fileRef = F860ADA42003941300EEC753 /* Toilet.swift */; };
		F860ADA7200395FB00EEC753 /* OpenTimes.swift in Sources */ = {isa = PBXBuildFile; fileRef = F860ADA6200395FB00EEC753 /* OpenTimes.swift */; };
		F860ADA92003969C00EEC753 /* Address.swift in Sources */ = {isa = PBXBuildFile; fileRef = F860ADA82003969C00EEC753 /* Address.swift */; };
		F860ADAD2003DB9900EEC753 /* DependencyModule.swift in Sources */ = {isa = PBXBuildFile; fileRef = F860ADAC2003DB9900EEC753 /* DependencyModule.swift */; };
		F860ADAF2003DBE000EEC753 /* KlozetModule.swift in Sources */ = {isa = PBXBuildFile; fileRef = F860ADAE2003DBE000EEC753 /* KlozetModule.swift */; };
		F860ADB12003DCB500EEC753 /* MainWireframe.swift in Sources */ = {isa = PBXBuildFile; fileRef = F860ADB02003DCB500EEC753 /* MainWireframe.swift */; };
		F860ADB32003E4FB00EEC753 /* ToiletsBox.swift in Sources */ = {isa = PBXBuildFile; fileRef = F860ADB22003E4FB00EEC753 /* ToiletsBox.swift */; };
		F860ADB520055C6800EEC753 /* ImageService.swift in Sources */ = {isa = PBXBuildFile; fileRef = F860ADB420055C6800EEC753 /* ImageService.swift */; };
		F860ADB72006073500EEC753 /* ImageCountBox.swift in Sources */ = {isa = PBXBuildFile; fileRef = F860ADB62006073500EEC753 /* ImageCountBox.swift */; };
/* End PBXBuildFile section */

/* Begin PBXContainerItemProxy section */
		F860AD4A2002806C00EEC753 /* PBXContainerItemProxy */ = {
			isa = PBXContainerItemProxy;
			containerPortal = F860AD2A2002806C00EEC753 /* Project object */;
			proxyType = 1;
			remoteGlobalIDString = F860AD312002806C00EEC753;
			remoteInfo = ReactantKlozet;
		};
		F860AD552002806D00EEC753 /* PBXContainerItemProxy */ = {
			isa = PBXContainerItemProxy;
			containerPortal = F860AD2A2002806C00EEC753 /* Project object */;
			proxyType = 1;
			remoteGlobalIDString = F860AD312002806C00EEC753;
			remoteInfo = ReactantKlozet;
		};
/* End PBXContainerItemProxy section */

/* Begin PBXFileReference section */
		20C0E51EF5B9458EC888BBFC /* Pods-ReactantKlozetUITests.release.xcconfig */ = {isa = PBXFileReference; includeInIndex = 1; lastKnownFileType = text.xcconfig; name = "Pods-ReactantKlozetUITests.release.xcconfig"; path = "Pods/Target Support Files/Pods-ReactantKlozetUITests/Pods-ReactantKlozetUITests.release.xcconfig"; sourceTree = "<group>"; };
		5557679694DBF6E69DB7CC6A /* Pods-ReactantKlozet.debug.xcconfig */ = {isa = PBXFileReference; includeInIndex = 1; lastKnownFileType = text.xcconfig; name = "Pods-ReactantKlozet.debug.xcconfig"; path = "Pods/Target Support Files/Pods-ReactantKlozet/Pods-ReactantKlozet.debug.xcconfig"; sourceTree = "<group>"; };
		56B2878054A9328B61E298DD /* Pods-ReactantKlozetUITests.debug.xcconfig */ = {isa = PBXFileReference; includeInIndex = 1; lastKnownFileType = text.xcconfig; name = "Pods-ReactantKlozetUITests.debug.xcconfig"; path = "Pods/Target Support Files/Pods-ReactantKlozetUITests/Pods-ReactantKlozetUITests.debug.xcconfig"; sourceTree = "<group>"; };
		609D621EDA09C5838702A894 /* Pods_ReactantKlozetUITests.framework */ = {isa = PBXFileReference; explicitFileType = wrapper.framework; includeInIndex = 0; path = Pods_ReactantKlozetUITests.framework; sourceTree = BUILT_PRODUCTS_DIR; };
		71DF755F96F44BB9F9DC07FC /* Pods-ReactantKlozetTests.debug.xcconfig */ = {isa = PBXFileReference; includeInIndex = 1; lastKnownFileType = text.xcconfig; name = "Pods-ReactantKlozetTests.debug.xcconfig"; path = "Pods/Target Support Files/Pods-ReactantKlozetTests/Pods-ReactantKlozetTests.debug.xcconfig"; sourceTree = "<group>"; };
		89F3C021F108E51C73626DCA /* Pods-ReactantKlozetTests.release.xcconfig */ = {isa = PBXFileReference; includeInIndex = 1; lastKnownFileType = text.xcconfig; name = "Pods-ReactantKlozetTests.release.xcconfig"; path = "Pods/Target Support Files/Pods-ReactantKlozetTests/Pods-ReactantKlozetTests.release.xcconfig"; sourceTree = "<group>"; };
		A9B90086362443AF4DF543A9 /* Pods_ReactantKlozet.framework */ = {isa = PBXFileReference; explicitFileType = wrapper.framework; includeInIndex = 0; path = Pods_ReactantKlozet.framework; sourceTree = BUILT_PRODUCTS_DIR; };
		B6E0A050ED763D2EE3FCEF93 /* Pods_ReactantKlozetTests.framework */ = {isa = PBXFileReference; explicitFileType = wrapper.framework; includeInIndex = 0; path = Pods_ReactantKlozetTests.framework; sourceTree = BUILT_PRODUCTS_DIR; };
		E50017BB947638455F665742 /* Pods-ReactantKlozet.release.xcconfig */ = {isa = PBXFileReference; includeInIndex = 1; lastKnownFileType = text.xcconfig; name = "Pods-ReactantKlozet.release.xcconfig"; path = "Pods/Target Support Files/Pods-ReactantKlozet/Pods-ReactantKlozet.release.xcconfig"; sourceTree = "<group>"; };
		F860AD322002806C00EEC753 /* ReactantKlozet.app */ = {isa = PBXFileReference; explicitFileType = wrapper.application; includeInIndex = 0; path = ReactantKlozet.app; sourceTree = BUILT_PRODUCTS_DIR; };
		F860AD352002806C00EEC753 /* AppDelegate.swift */ = {isa = PBXFileReference; lastKnownFileType = sourcecode.swift; path = AppDelegate.swift; sourceTree = "<group>"; };
		F860AD3D2002806C00EEC753 /* ReactantKlozet.xcdatamodel */ = {isa = PBXFileReference; lastKnownFileType = wrapper.xcdatamodel; path = ReactantKlozet.xcdatamodel; sourceTree = "<group>"; };
		F860AD3F2002806C00EEC753 /* Assets.xcassets */ = {isa = PBXFileReference; lastKnownFileType = folder.assetcatalog; path = Assets.xcassets; sourceTree = "<group>"; };
		F860AD422002806C00EEC753 /* Base */ = {isa = PBXFileReference; lastKnownFileType = file.storyboard; name = Base; path = Base.lproj/LaunchScreen.storyboard; sourceTree = "<group>"; };
		F860AD442002806C00EEC753 /* Info.plist */ = {isa = PBXFileReference; lastKnownFileType = text.plist.xml; path = Info.plist; sourceTree = "<group>"; };
		F860AD492002806C00EEC753 /* ReactantKlozetTests.xctest */ = {isa = PBXFileReference; explicitFileType = wrapper.cfbundle; includeInIndex = 0; path = ReactantKlozetTests.xctest; sourceTree = BUILT_PRODUCTS_DIR; };
		F860AD4D2002806C00EEC753 /* ReactantKlozetTests.swift */ = {isa = PBXFileReference; lastKnownFileType = sourcecode.swift; path = ReactantKlozetTests.swift; sourceTree = "<group>"; };
		F860AD4F2002806C00EEC753 /* Info.plist */ = {isa = PBXFileReference; lastKnownFileType = text.plist.xml; path = Info.plist; sourceTree = "<group>"; };
		F860AD542002806D00EEC753 /* ReactantKlozetUITests.xctest */ = {isa = PBXFileReference; explicitFileType = wrapper.cfbundle; includeInIndex = 0; path = ReactantKlozetUITests.xctest; sourceTree = BUILT_PRODUCTS_DIR; };
		F860AD582002806D00EEC753 /* ReactantKlozetUITests.swift */ = {isa = PBXFileReference; lastKnownFileType = sourcecode.swift; path = ReactantKlozetUITests.swift; sourceTree = "<group>"; };
		F860AD5A2002806D00EEC753 /* Info.plist */ = {isa = PBXFileReference; lastKnownFileType = text.plist.xml; path = Info.plist; sourceTree = "<group>"; };
		F860AD8C2002C50E00EEC753 /* DetailController.swift */ = {isa = PBXFileReference; lastKnownFileType = sourcecode.swift; path = DetailController.swift; sourceTree = "<group>"; };
		F860AD8E2002C57700EEC753 /* DetailRootView.swift */ = {isa = PBXFileReference; lastKnownFileType = sourcecode.swift; path = DetailRootView.swift; sourceTree = "<group>"; };
		F860AD902002C5CD00EEC753 /* DetailRootView.ui.xml */ = {isa = PBXFileReference; lastKnownFileType = text.xml; path = DetailRootView.ui.xml; sourceTree = "<group>"; };
		F860AD982002C93500EEC753 /* GeneratedUI.swift */ = {isa = PBXFileReference; lastKnownFileType = sourcecode.swift; path = GeneratedUI.swift; sourceTree = "<group>"; };
		F860AD9E2003758100EEC753 /* UIColor+UIFontExtension.swift */ = {isa = PBXFileReference; lastKnownFileType = sourcecode.swift; path = "UIColor+UIFontExtension.swift"; sourceTree = "<group>"; };
		F860ADA0200377F200EEC753 /* General.styles.xml */ = {isa = PBXFileReference; lastKnownFileType = text.xml; path = General.styles.xml; sourceTree = "<group>"; };
		F860ADA22003832500EEC753 /* DetailToiletService.swift */ = {isa = PBXFileReference; lastKnownFileType = sourcecode.swift; path = DetailToiletService.swift; sourceTree = "<group>"; };
		F860ADA42003941300EEC753 /* Toilet.swift */ = {isa = PBXFileReference; lastKnownFileType = sourcecode.swift; path = Toilet.swift; sourceTree = "<group>"; };
		F860ADA6200395FB00EEC753 /* OpenTimes.swift */ = {isa = PBXFileReference; lastKnownFileType = sourcecode.swift; path = OpenTimes.swift; sourceTree = "<group>"; };
		F860ADA82003969C00EEC753 /* Address.swift */ = {isa = PBXFileReference; lastKnownFileType = sourcecode.swift; path = Address.swift; sourceTree = "<group>"; };
		F860ADAC2003DB9900EEC753 /* DependencyModule.swift */ = {isa = PBXFileReference; lastKnownFileType = sourcecode.swift; path = DependencyModule.swift; sourceTree = "<group>"; };
		F860ADAE2003DBE000EEC753 /* KlozetModule.swift */ = {isa = PBXFileReference; lastKnownFileType = sourcecode.swift; path = KlozetModule.swift; sourceTree = "<group>"; };
		F860ADB02003DCB500EEC753 /* MainWireframe.swift */ = {isa = PBXFileReference; lastKnownFileType = sourcecode.swift; path = MainWireframe.swift; sourceTree = "<group>"; };
		F860ADB22003E4FB00EEC753 /* ToiletsBox.swift */ = {isa = PBXFileReference; lastKnownFileType = sourcecode.swift; path = ToiletsBox.swift; sourceTree = "<group>"; };
		F860ADB420055C6800EEC753 /* ImageService.swift */ = {isa = PBXFileReference; lastKnownFileType = sourcecode.swift; path = ImageService.swift; sourceTree = "<group>"; };
		F860ADB62006073500EEC753 /* ImageCountBox.swift */ = {isa = PBXFileReference; lastKnownFileType = sourcecode.swift; path = ImageCountBox.swift; sourceTree = "<group>"; };
/* End PBXFileReference section */

/* Begin PBXFrameworksBuildPhase section */
		F860AD2F2002806C00EEC753 /* Frameworks */ = {
			isa = PBXFrameworksBuildPhase;
			buildActionMask = 2147483647;
			files = (
				9F42B10E7DEAF0D074FEDAD0 /* Pods_ReactantKlozet.framework in Frameworks */,
			);
			runOnlyForDeploymentPostprocessing = 0;
		};
		F860AD462002806C00EEC753 /* Frameworks */ = {
			isa = PBXFrameworksBuildPhase;
			buildActionMask = 2147483647;
			files = (
				14E22145F2A88A37D549C160 /* Pods_ReactantKlozetTests.framework in Frameworks */,
			);
			runOnlyForDeploymentPostprocessing = 0;
		};
		F860AD512002806D00EEC753 /* Frameworks */ = {
			isa = PBXFrameworksBuildPhase;
			buildActionMask = 2147483647;
			files = (
				563E3628E1DA6228BF7A56FF /* Pods_ReactantKlozetUITests.framework in Frameworks */,
			);
			runOnlyForDeploymentPostprocessing = 0;
		};
/* End PBXFrameworksBuildPhase section */

/* Begin PBXGroup section */
		82A9CE1BBB96BB2756CF8799 /* Pods */ = {
			isa = PBXGroup;
			children = (
				5557679694DBF6E69DB7CC6A /* Pods-ReactantKlozet.debug.xcconfig */,
				E50017BB947638455F665742 /* Pods-ReactantKlozet.release.xcconfig */,
				71DF755F96F44BB9F9DC07FC /* Pods-ReactantKlozetTests.debug.xcconfig */,
				89F3C021F108E51C73626DCA /* Pods-ReactantKlozetTests.release.xcconfig */,
				56B2878054A9328B61E298DD /* Pods-ReactantKlozetUITests.debug.xcconfig */,
				20C0E51EF5B9458EC888BBFC /* Pods-ReactantKlozetUITests.release.xcconfig */,
			);
			name = Pods;
			sourceTree = "<group>";
		};
		D9F2594412BD83F478C41EB1 /* Frameworks */ = {
			isa = PBXGroup;
			children = (
				A9B90086362443AF4DF543A9 /* Pods_ReactantKlozet.framework */,
				B6E0A050ED763D2EE3FCEF93 /* Pods_ReactantKlozetTests.framework */,
				609D621EDA09C5838702A894 /* Pods_ReactantKlozetUITests.framework */,
			);
			name = Frameworks;
			sourceTree = "<group>";
		};
		F860AD292002806C00EEC753 = {
			isa = PBXGroup;
			children = (
				F860AD342002806C00EEC753 /* Application */,
				F860AD4C2002806C00EEC753 /* ReactantKlozetTests */,
				F860AD572002806D00EEC753 /* ReactantKlozetUITests */,
				F860AD332002806C00EEC753 /* Products */,
				82A9CE1BBB96BB2756CF8799 /* Pods */,
				D9F2594412BD83F478C41EB1 /* Frameworks */,
			);
			sourceTree = "<group>";
		};
		F860AD332002806C00EEC753 /* Products */ = {
			isa = PBXGroup;
			children = (
				F860AD322002806C00EEC753 /* ReactantKlozet.app */,
				F860AD492002806C00EEC753 /* ReactantKlozetTests.xctest */,
				F860AD542002806D00EEC753 /* ReactantKlozetUITests.xctest */,
			);
			name = Products;
			sourceTree = "<group>";
		};
		F860AD342002806C00EEC753 /* Application */ = {
			isa = PBXGroup;
			children = (
				F860AD972002C92800EEC753 /* Generated */,
				F860AD732002819B00EEC753 /* Source */,
				F860AD6E2002816A00EEC753 /* Resource */,
				F860AD352002806C00EEC753 /* AppDelegate.swift */,
				F860AD412002806C00EEC753 /* LaunchScreen.storyboard */,
				F860AD3C2002806C00EEC753 /* ReactantKlozet.xcdatamodeld */,
			);
			path = Application;
			sourceTree = "<group>";
		};
		F860AD4C2002806C00EEC753 /* ReactantKlozetTests */ = {
			isa = PBXGroup;
			children = (
				F860AD4D2002806C00EEC753 /* ReactantKlozetTests.swift */,
				F860AD4F2002806C00EEC753 /* Info.plist */,
			);
			path = ReactantKlozetTests;
			sourceTree = "<group>";
		};
		F860AD572002806D00EEC753 /* ReactantKlozetUITests */ = {
			isa = PBXGroup;
			children = (
				F860AD582002806D00EEC753 /* ReactantKlozetUITests.swift */,
				F860AD5A2002806D00EEC753 /* Info.plist */,
			);
			path = ReactantKlozetUITests;
			sourceTree = "<group>";
		};
		F860AD6E2002816A00EEC753 /* Resource */ = {
			isa = PBXGroup;
			children = (
				F860AD3F2002806C00EEC753 /* Assets.xcassets */,
				F860AD442002806C00EEC753 /* Info.plist */,
			);
			path = Resource;
			sourceTree = "<group>";
		};
		F860AD6F2002817300EEC753 /* Wireframe */ = {
			isa = PBXGroup;
			children = (
				F860ADB02003DCB500EEC753 /* MainWireframe.swift */,
			);
			path = Wireframe;
			sourceTree = "<group>";
		};
		F860AD702002817C00EEC753 /* Util */ = {
			isa = PBXGroup;
			children = (
				F860ADAC2003DB9900EEC753 /* DependencyModule.swift */,
				F860ADAE2003DBE000EEC753 /* KlozetModule.swift */,
			);
			path = Util;
			sourceTree = "<group>";
		};
		F860AD712002818500EEC753 /* Service */ = {
			isa = PBXGroup;
			children = (
				F860ADA22003832500EEC753 /* DetailToiletService.swift */,
				F860ADB420055C6800EEC753 /* ImageService.swift */,
			);
			path = Service;
			sourceTree = "<group>";
		};
		F860AD722002819200EEC753 /* Model */ = {
			isa = PBXGroup;
			children = (
				F860ADA42003941300EEC753 /* Toilet.swift */,
				F860ADB22003E4FB00EEC753 /* ToiletsBox.swift */,
				F860ADB62006073500EEC753 /* ImageCountBox.swift */,
				F860ADA6200395FB00EEC753 /* OpenTimes.swift */,
				F860ADA82003969C00EEC753 /* Address.swift */,
			);
			path = Model;
			sourceTree = "<group>";
		};
		F860AD732002819B00EEC753 /* Source */ = {
			isa = PBXGroup;
			children = (
				F860AD9D2003757000EEC753 /* Styles */,
				F860AD74200281A400EEC753 /* Component */,
				F860AD722002819200EEC753 /* Model */,
				F860AD712002818500EEC753 /* Service */,
				F860AD702002817C00EEC753 /* Util */,
				F860AD6F2002817300EEC753 /* Wireframe */,
			);
			path = Source;
			sourceTree = "<group>";
		};
		F860AD74200281A400EEC753 /* Component */ = {
			isa = PBXGroup;
			children = (
				F860AD75200281AA00EEC753 /* DetailController */,
			);
			path = Component;
			sourceTree = "<group>";
		};
		F860AD75200281AA00EEC753 /* DetailController */ = {
			isa = PBXGroup;
			children = (
				F860AD8C2002C50E00EEC753 /* DetailController.swift */,
				F860AD8E2002C57700EEC753 /* DetailRootView.swift */,
				F860AD902002C5CD00EEC753 /* DetailRootView.ui.xml */,
			);
			path = DetailController;
			sourceTree = "<group>";
		};
		F860AD972002C92800EEC753 /* Generated */ = {
			isa = PBXGroup;
			children = (
				F860AD982002C93500EEC753 /* GeneratedUI.swift */,
			);
			path = Generated;
			sourceTree = "<group>";
		};
		F860AD9D2003757000EEC753 /* Styles */ = {
			isa = PBXGroup;
			children = (
				F860AD9E2003758100EEC753 /* UIColor+UIFontExtension.swift */,
				F860ADA0200377F200EEC753 /* General.styles.xml */,
			);
			path = Styles;
			sourceTree = "<group>";
		};
/* End PBXGroup section */

/* Begin PBXNativeTarget section */
		F860AD312002806C00EEC753 /* ReactantKlozet */ = {
			isa = PBXNativeTarget;
			buildConfigurationList = F860AD5D2002806D00EEC753 /* Build configuration list for PBXNativeTarget "ReactantKlozet" */;
			buildPhases = (
				F1083A05EA35FE0D3C450663 /* [CP] Check Pods Manifest.lock */,
				F860AD922002C5E000EEC753 /* ReactantUI */,
				F860AD2E2002806C00EEC753 /* Sources */,
				F860AD2F2002806C00EEC753 /* Frameworks */,
				F860AD302002806C00EEC753 /* Resources */,
				22B40C49C76E82DC9D464406 /* [CP] Embed Pods Frameworks */,
				DA0C972A8E5ED67F51423720 /* [CP] Copy Pods Resources */,
			);
			buildRules = (
			);
			dependencies = (
			);
			name = ReactantKlozet;
			productName = ReactantKlozet;
			productReference = F860AD322002806C00EEC753 /* ReactantKlozet.app */;
			productType = "com.apple.product-type.application";
		};
		F860AD482002806C00EEC753 /* ReactantKlozetTests */ = {
			isa = PBXNativeTarget;
			buildConfigurationList = F860AD602002806D00EEC753 /* Build configuration list for PBXNativeTarget "ReactantKlozetTests" */;
			buildPhases = (
				8BAB203A18D77BD89CCA9169 /* [CP] Check Pods Manifest.lock */,
				F860AD452002806C00EEC753 /* Sources */,
				F860AD462002806C00EEC753 /* Frameworks */,
				F860AD472002806C00EEC753 /* Resources */,
				6406FC19FBFF48AB49BB4242 /* [CP] Embed Pods Frameworks */,
				23C79EA6843E363FE2779C99 /* [CP] Copy Pods Resources */,
			);
			buildRules = (
			);
			dependencies = (
				F860AD4B2002806C00EEC753 /* PBXTargetDependency */,
			);
			name = ReactantKlozetTests;
			productName = ReactantKlozetTests;
			productReference = F860AD492002806C00EEC753 /* ReactantKlozetTests.xctest */;
			productType = "com.apple.product-type.bundle.unit-test";
		};
		F860AD532002806D00EEC753 /* ReactantKlozetUITests */ = {
			isa = PBXNativeTarget;
			buildConfigurationList = F860AD632002806D00EEC753 /* Build configuration list for PBXNativeTarget "ReactantKlozetUITests" */;
			buildPhases = (
				EC04719627F339FDF8A2A670 /* [CP] Check Pods Manifest.lock */,
				F860AD502002806D00EEC753 /* Sources */,
				F860AD512002806D00EEC753 /* Frameworks */,
				F860AD522002806D00EEC753 /* Resources */,
				45EEA0BFB5B8E249F2ADEF1C /* [CP] Embed Pods Frameworks */,
				092DF65D61190668DA4EA1A1 /* [CP] Copy Pods Resources */,
			);
			buildRules = (
			);
			dependencies = (
				F860AD562002806D00EEC753 /* PBXTargetDependency */,
			);
			name = ReactantKlozetUITests;
			productName = ReactantKlozetUITests;
			productReference = F860AD542002806D00EEC753 /* ReactantKlozetUITests.xctest */;
			productType = "com.apple.product-type.bundle.ui-testing";
		};
/* End PBXNativeTarget section */

/* Begin PBXProject section */
		F860AD2A2002806C00EEC753 /* Project object */ = {
			isa = PBXProject;
			attributes = {
				LastSwiftUpdateCheck = 0920;
				LastUpgradeCheck = 0920;
				ORGANIZATIONNAME = "Marek Fořt";
				TargetAttributes = {
					F860AD312002806C00EEC753 = {
						CreatedOnToolsVersion = 9.2;
						ProvisioningStyle = Automatic;
					};
					F860AD482002806C00EEC753 = {
						CreatedOnToolsVersion = 9.2;
						ProvisioningStyle = Automatic;
						TestTargetID = F860AD312002806C00EEC753;
					};
					F860AD532002806D00EEC753 = {
						CreatedOnToolsVersion = 9.2;
						ProvisioningStyle = Automatic;
						TestTargetID = F860AD312002806C00EEC753;
					};
				};
			};
			buildConfigurationList = F860AD2D2002806C00EEC753 /* Build configuration list for PBXProject "ReactantKlozet" */;
			compatibilityVersion = "Xcode 8.0";
			developmentRegion = en;
			hasScannedForEncodings = 0;
			knownRegions = (
				en,
				Base,
			);
			mainGroup = F860AD292002806C00EEC753;
			productRefGroup = F860AD332002806C00EEC753 /* Products */;
			projectDirPath = "";
			projectRoot = "";
			targets = (
				F860AD312002806C00EEC753 /* ReactantKlozet */,
				F860AD482002806C00EEC753 /* ReactantKlozetTests */,
				F860AD532002806D00EEC753 /* ReactantKlozetUITests */,
			);
		};
/* End PBXProject section */

/* Begin PBXResourcesBuildPhase section */
		F860AD302002806C00EEC753 /* Resources */ = {
			isa = PBXResourcesBuildPhase;
			buildActionMask = 2147483647;
			files = (
				F860AD912002C5CD00EEC753 /* DetailRootView.ui.xml in Resources */,
				F860ADA1200377F200EEC753 /* General.styles.xml in Resources */,
				F860AD432002806C00EEC753 /* LaunchScreen.storyboard in Resources */,
				F860AD402002806C00EEC753 /* Assets.xcassets in Resources */,
			);
			runOnlyForDeploymentPostprocessing = 0;
		};
		F860AD472002806C00EEC753 /* Resources */ = {
			isa = PBXResourcesBuildPhase;
			buildActionMask = 2147483647;
			files = (
			);
			runOnlyForDeploymentPostprocessing = 0;
		};
		F860AD522002806D00EEC753 /* Resources */ = {
			isa = PBXResourcesBuildPhase;
			buildActionMask = 2147483647;
			files = (
			);
			runOnlyForDeploymentPostprocessing = 0;
		};
/* End PBXResourcesBuildPhase section */

/* Begin PBXShellScriptBuildPhase section */
		092DF65D61190668DA4EA1A1 /* [CP] Copy Pods Resources */ = {
			isa = PBXShellScriptBuildPhase;
			buildActionMask = 2147483647;
			files = (
			);
			inputPaths = (
			);
			name = "[CP] Copy Pods Resources";
			outputPaths = (
			);
			runOnlyForDeploymentPostprocessing = 0;
			shellPath = /bin/sh;
			shellScript = "\"${SRCROOT}/Pods/Target Support Files/Pods-ReactantKlozetUITests/Pods-ReactantKlozetUITests-resources.sh\"\n";
			showEnvVarsInLog = 0;
		};
		22B40C49C76E82DC9D464406 /* [CP] Embed Pods Frameworks */ = {
			isa = PBXShellScriptBuildPhase;
			buildActionMask = 2147483647;
			files = (
			);
			inputPaths = (
			);
			name = "[CP] Embed Pods Frameworks";
			outputPaths = (
			);
			runOnlyForDeploymentPostprocessing = 0;
			shellPath = /bin/sh;
			shellScript = "\"${SRCROOT}/Pods/Target Support Files/Pods-ReactantKlozet/Pods-ReactantKlozet-frameworks.sh\"\n";
			showEnvVarsInLog = 0;
		};
		23C79EA6843E363FE2779C99 /* [CP] Copy Pods Resources */ = {
			isa = PBXShellScriptBuildPhase;
			buildActionMask = 2147483647;
			files = (
			);
			inputPaths = (
			);
			name = "[CP] Copy Pods Resources";
			outputPaths = (
			);
			runOnlyForDeploymentPostprocessing = 0;
			shellPath = /bin/sh;
			shellScript = "\"${SRCROOT}/Pods/Target Support Files/Pods-ReactantKlozetTests/Pods-ReactantKlozetTests-resources.sh\"\n";
			showEnvVarsInLog = 0;
		};
		45EEA0BFB5B8E249F2ADEF1C /* [CP] Embed Pods Frameworks */ = {
			isa = PBXShellScriptBuildPhase;
			buildActionMask = 2147483647;
			files = (
			);
			inputPaths = (
			);
			name = "[CP] Embed Pods Frameworks";
			outputPaths = (
			);
			runOnlyForDeploymentPostprocessing = 0;
			shellPath = /bin/sh;
			shellScript = "\"${SRCROOT}/Pods/Target Support Files/Pods-ReactantKlozetUITests/Pods-ReactantKlozetUITests-frameworks.sh\"\n";
			showEnvVarsInLog = 0;
		};
		6406FC19FBFF48AB49BB4242 /* [CP] Embed Pods Frameworks */ = {
			isa = PBXShellScriptBuildPhase;
			buildActionMask = 2147483647;
			files = (
			);
			inputPaths = (
			);
			name = "[CP] Embed Pods Frameworks";
			outputPaths = (
			);
			runOnlyForDeploymentPostprocessing = 0;
			shellPath = /bin/sh;
			shellScript = "\"${SRCROOT}/Pods/Target Support Files/Pods-ReactantKlozetTests/Pods-ReactantKlozetTests-frameworks.sh\"\n";
			showEnvVarsInLog = 0;
		};
		8BAB203A18D77BD89CCA9169 /* [CP] Check Pods Manifest.lock */ = {
			isa = PBXShellScriptBuildPhase;
			buildActionMask = 2147483647;
			files = (
			);
			inputPaths = (
			);
			name = "[CP] Check Pods Manifest.lock";
			outputPaths = (
			);
			runOnlyForDeploymentPostprocessing = 0;
			shellPath = /bin/sh;
			shellScript = "diff \"${PODS_PODFILE_DIR_PATH}/Podfile.lock\" \"${PODS_ROOT}/Manifest.lock\" > /dev/null\nif [ $? != 0 ] ; then\n    # print error to STDERR\n    echo \"error: The sandbox is not in sync with the Podfile.lock. Run 'pod install' or update your CocoaPods installation.\" >&2\n    exit 1\nfi\n";
			showEnvVarsInLog = 0;
		};
		DA0C972A8E5ED67F51423720 /* [CP] Copy Pods Resources */ = {
			isa = PBXShellScriptBuildPhase;
			buildActionMask = 2147483647;
			files = (
			);
			inputPaths = (
			);
			name = "[CP] Copy Pods Resources";
			outputPaths = (
			);
			runOnlyForDeploymentPostprocessing = 0;
			shellPath = /bin/sh;
			shellScript = "\"${SRCROOT}/Pods/Target Support Files/Pods-ReactantKlozet/Pods-ReactantKlozet-resources.sh\"\n";
			showEnvVarsInLog = 0;
		};
		EC04719627F339FDF8A2A670 /* [CP] Check Pods Manifest.lock */ = {
			isa = PBXShellScriptBuildPhase;
			buildActionMask = 2147483647;
			files = (
			);
			inputPaths = (
			);
			name = "[CP] Check Pods Manifest.lock";
			outputPaths = (
			);
			runOnlyForDeploymentPostprocessing = 0;
			shellPath = /bin/sh;
			shellScript = "diff \"${PODS_PODFILE_DIR_PATH}/Podfile.lock\" \"${PODS_ROOT}/Manifest.lock\" > /dev/null\nif [ $? != 0 ] ; then\n    # print error to STDERR\n    echo \"error: The sandbox is not in sync with the Podfile.lock. Run 'pod install' or update your CocoaPods installation.\" >&2\n    exit 1\nfi\n";
			showEnvVarsInLog = 0;
		};
		F1083A05EA35FE0D3C450663 /* [CP] Check Pods Manifest.lock */ = {
			isa = PBXShellScriptBuildPhase;
			buildActionMask = 2147483647;
			files = (
			);
			inputPaths = (
			);
			name = "[CP] Check Pods Manifest.lock";
			outputPaths = (
			);
			runOnlyForDeploymentPostprocessing = 0;
			shellPath = /bin/sh;
			shellScript = "diff \"${PODS_PODFILE_DIR_PATH}/Podfile.lock\" \"${PODS_ROOT}/Manifest.lock\" > /dev/null\nif [ $? != 0 ] ; then\n    # print error to STDERR\n    echo \"error: The sandbox is not in sync with the Podfile.lock. Run 'pod install' or update your CocoaPods installation.\" >&2\n    exit 1\nfi\n";
			showEnvVarsInLog = 0;
		};
		F860AD922002C5E000EEC753 /* ReactantUI */ = {
			isa = PBXShellScriptBuildPhase;
			buildActionMask = 2147483647;
			files = (
			);
			inputPaths = (
			);
			name = ReactantUI;
			outputPaths = (
			);
			runOnlyForDeploymentPostprocessing = 0;
			shellPath = /bin/sh;
			shellScript = "pushd \"$PODS_ROOT/ReactantUI\"\nenv -i HOME=\"$HOME\" PATH=\"$PATH\" swift build\npopd\n# Go into directory where you'll have `.ui.xml` files.\ncd \"$SRCROOT/Application/Source\"\n# Run reactant-ui generator and save the output to a single `.swift` file\n\"$PODS_ROOT/ReactantUI/.build/debug/reactant-ui\" --enable-live > \"$SRCROOT/Application/Generated/GeneratedUI.swift\"";
		};
/* End PBXShellScriptBuildPhase section */

/* Begin PBXSourcesBuildPhase section */
		F860AD2E2002806C00EEC753 /* Sources */ = {
			isa = PBXSourcesBuildPhase;
			buildActionMask = 2147483647;
			files = (
				F860ADB32003E4FB00EEC753 /* ToiletsBox.swift in Sources */,
				F860ADAF2003DBE000EEC753 /* KlozetModule.swift in Sources */,
				F860ADB12003DCB500EEC753 /* MainWireframe.swift in Sources */,
				F860ADB72006073500EEC753 /* ImageCountBox.swift in Sources */,
				F860ADA52003941300EEC753 /* Toilet.swift in Sources */,
				F860AD3E2002806C00EEC753 /* ReactantKlozet.xcdatamodeld in Sources */,
				F860ADA32003832500EEC753 /* DetailToiletService.swift in Sources */,
				F860AD992002C93500EEC753 /* GeneratedUI.swift in Sources */,
				F860ADA92003969C00EEC753 /* Address.swift in Sources */,
				F860ADB520055C6800EEC753 /* ImageService.swift in Sources */,
				F860ADAD2003DB9900EEC753 /* DependencyModule.swift in Sources */,
				F860AD8F2002C57700EEC753 /* DetailRootView.swift in Sources */,
				F860ADA7200395FB00EEC753 /* OpenTimes.swift in Sources */,
				F860AD8D2002C50E00EEC753 /* DetailController.swift in Sources */,
				F860AD9F2003758100EEC753 /* UIColor+UIFontExtension.swift in Sources */,
				F860AD362002806C00EEC753 /* AppDelegate.swift in Sources */,
			);
			runOnlyForDeploymentPostprocessing = 0;
		};
		F860AD452002806C00EEC753 /* Sources */ = {
			isa = PBXSourcesBuildPhase;
			buildActionMask = 2147483647;
			files = (
				F860AD4E2002806C00EEC753 /* ReactantKlozetTests.swift in Sources */,
			);
			runOnlyForDeploymentPostprocessing = 0;
		};
		F860AD502002806D00EEC753 /* Sources */ = {
			isa = PBXSourcesBuildPhase;
			buildActionMask = 2147483647;
			files = (
				F860AD592002806D00EEC753 /* ReactantKlozetUITests.swift in Sources */,
			);
			runOnlyForDeploymentPostprocessing = 0;
		};
/* End PBXSourcesBuildPhase section */

/* Begin PBXTargetDependency section */
		F860AD4B2002806C00EEC753 /* PBXTargetDependency */ = {
			isa = PBXTargetDependency;
			target = F860AD312002806C00EEC753 /* ReactantKlozet */;
			targetProxy = F860AD4A2002806C00EEC753 /* PBXContainerItemProxy */;
		};
		F860AD562002806D00EEC753 /* PBXTargetDependency */ = {
			isa = PBXTargetDependency;
			target = F860AD312002806C00EEC753 /* ReactantKlozet */;
			targetProxy = F860AD552002806D00EEC753 /* PBXContainerItemProxy */;
		};
/* End PBXTargetDependency section */

/* Begin PBXVariantGroup section */
		F860AD412002806C00EEC753 /* LaunchScreen.storyboard */ = {
			isa = PBXVariantGroup;
			children = (
				F860AD422002806C00EEC753 /* Base */,
			);
			name = LaunchScreen.storyboard;
			sourceTree = "<group>";
		};
/* End PBXVariantGroup section */

/* Begin XCBuildConfiguration section */
		F860AD5B2002806D00EEC753 /* Debug */ = {
			isa = XCBuildConfiguration;
			buildSettings = {
				ALWAYS_SEARCH_USER_PATHS = NO;
				CLANG_ANALYZER_NONNULL = YES;
				CLANG_ANALYZER_NUMBER_OBJECT_CONVERSION = YES_AGGRESSIVE;
				CLANG_CXX_LANGUAGE_STANDARD = "gnu++14";
				CLANG_CXX_LIBRARY = "libc++";
				CLANG_ENABLE_MODULES = YES;
				CLANG_ENABLE_OBJC_ARC = YES;
				CLANG_WARN_BLOCK_CAPTURE_AUTORELEASING = YES;
				CLANG_WARN_BOOL_CONVERSION = YES;
				CLANG_WARN_COMMA = YES;
				CLANG_WARN_CONSTANT_CONVERSION = YES;
				CLANG_WARN_DIRECT_OBJC_ISA_USAGE = YES_ERROR;
				CLANG_WARN_DOCUMENTATION_COMMENTS = YES;
				CLANG_WARN_EMPTY_BODY = YES;
				CLANG_WARN_ENUM_CONVERSION = YES;
				CLANG_WARN_INFINITE_RECURSION = YES;
				CLANG_WARN_INT_CONVERSION = YES;
				CLANG_WARN_NON_LITERAL_NULL_CONVERSION = YES;
				CLANG_WARN_OBJC_LITERAL_CONVERSION = YES;
				CLANG_WARN_OBJC_ROOT_CLASS = YES_ERROR;
				CLANG_WARN_RANGE_LOOP_ANALYSIS = YES;
				CLANG_WARN_STRICT_PROTOTYPES = YES;
				CLANG_WARN_SUSPICIOUS_MOVE = YES;
				CLANG_WARN_UNGUARDED_AVAILABILITY = YES_AGGRESSIVE;
				CLANG_WARN_UNREACHABLE_CODE = YES;
				CLANG_WARN__DUPLICATE_METHOD_MATCH = YES;
				CODE_SIGN_IDENTITY = "iPhone Developer";
				COPY_PHASE_STRIP = NO;
				DEBUG_INFORMATION_FORMAT = dwarf;
				ENABLE_STRICT_OBJC_MSGSEND = YES;
				ENABLE_TESTABILITY = YES;
				GCC_C_LANGUAGE_STANDARD = gnu11;
				GCC_DYNAMIC_NO_PIC = NO;
				GCC_NO_COMMON_BLOCKS = YES;
				GCC_OPTIMIZATION_LEVEL = 0;
				GCC_PREPROCESSOR_DEFINITIONS = (
					"DEBUG=1",
					"$(inherited)",
				);
				GCC_WARN_64_TO_32_BIT_CONVERSION = YES;
				GCC_WARN_ABOUT_RETURN_TYPE = YES_ERROR;
				GCC_WARN_UNDECLARED_SELECTOR = YES;
				GCC_WARN_UNINITIALIZED_AUTOS = YES_AGGRESSIVE;
				GCC_WARN_UNUSED_FUNCTION = YES;
				GCC_WARN_UNUSED_VARIABLE = YES;
				IPHONEOS_DEPLOYMENT_TARGET = 11.2;
				MTL_ENABLE_DEBUG_INFO = YES;
				ONLY_ACTIVE_ARCH = YES;
				SDKROOT = iphoneos;
				SWIFT_ACTIVE_COMPILATION_CONDITIONS = DEBUG;
				SWIFT_OPTIMIZATION_LEVEL = "-Onone";
			};
			name = Debug;
		};
		F860AD5C2002806D00EEC753 /* Release */ = {
			isa = XCBuildConfiguration;
			buildSettings = {
				ALWAYS_SEARCH_USER_PATHS = NO;
				CLANG_ANALYZER_NONNULL = YES;
				CLANG_ANALYZER_NUMBER_OBJECT_CONVERSION = YES_AGGRESSIVE;
				CLANG_CXX_LANGUAGE_STANDARD = "gnu++14";
				CLANG_CXX_LIBRARY = "libc++";
				CLANG_ENABLE_MODULES = YES;
				CLANG_ENABLE_OBJC_ARC = YES;
				CLANG_WARN_BLOCK_CAPTURE_AUTORELEASING = YES;
				CLANG_WARN_BOOL_CONVERSION = YES;
				CLANG_WARN_COMMA = YES;
				CLANG_WARN_CONSTANT_CONVERSION = YES;
				CLANG_WARN_DIRECT_OBJC_ISA_USAGE = YES_ERROR;
				CLANG_WARN_DOCUMENTATION_COMMENTS = YES;
				CLANG_WARN_EMPTY_BODY = YES;
				CLANG_WARN_ENUM_CONVERSION = YES;
				CLANG_WARN_INFINITE_RECURSION = YES;
				CLANG_WARN_INT_CONVERSION = YES;
				CLANG_WARN_NON_LITERAL_NULL_CONVERSION = YES;
				CLANG_WARN_OBJC_LITERAL_CONVERSION = YES;
				CLANG_WARN_OBJC_ROOT_CLASS = YES_ERROR;
				CLANG_WARN_RANGE_LOOP_ANALYSIS = YES;
				CLANG_WARN_STRICT_PROTOTYPES = YES;
				CLANG_WARN_SUSPICIOUS_MOVE = YES;
				CLANG_WARN_UNGUARDED_AVAILABILITY = YES_AGGRESSIVE;
				CLANG_WARN_UNREACHABLE_CODE = YES;
				CLANG_WARN__DUPLICATE_METHOD_MATCH = YES;
				CODE_SIGN_IDENTITY = "iPhone Developer";
				COPY_PHASE_STRIP = NO;
				DEBUG_INFORMATION_FORMAT = "dwarf-with-dsym";
				ENABLE_NS_ASSERTIONS = NO;
				ENABLE_STRICT_OBJC_MSGSEND = YES;
				GCC_C_LANGUAGE_STANDARD = gnu11;
				GCC_NO_COMMON_BLOCKS = YES;
				GCC_WARN_64_TO_32_BIT_CONVERSION = YES;
				GCC_WARN_ABOUT_RETURN_TYPE = YES_ERROR;
				GCC_WARN_UNDECLARED_SELECTOR = YES;
				GCC_WARN_UNINITIALIZED_AUTOS = YES_AGGRESSIVE;
				GCC_WARN_UNUSED_FUNCTION = YES;
				GCC_WARN_UNUSED_VARIABLE = YES;
				IPHONEOS_DEPLOYMENT_TARGET = 11.2;
				MTL_ENABLE_DEBUG_INFO = NO;
				SDKROOT = iphoneos;
				SWIFT_OPTIMIZATION_LEVEL = "-Owholemodule";
				VALIDATE_PRODUCT = YES;
			};
			name = Release;
		};
		F860AD5E2002806D00EEC753 /* Debug */ = {
			isa = XCBuildConfiguration;
			baseConfigurationReference = 5557679694DBF6E69DB7CC6A /* Pods-ReactantKlozet.debug.xcconfig */;
			buildSettings = {
				ASSETCATALOG_COMPILER_APPICON_NAME = AppIcon;
				CODE_SIGN_STYLE = Automatic;
				DEVELOPMENT_TEAM = QH95ER52SG;
				INFOPLIST_FILE = "$(SRCROOT)/Application/Resource/Info.plist";
				LD_RUNPATH_SEARCH_PATHS = "$(inherited) @executable_path/Frameworks";
				PRODUCT_BUNDLE_IDENTIFIER = marekfort.ReactantKlozet;
				PRODUCT_NAME = "$(TARGET_NAME)";
				SWIFT_VERSION = 4.0;
				TARGETED_DEVICE_FAMILY = "1,2";
			};
			name = Debug;
		};
		F860AD5F2002806D00EEC753 /* Release */ = {
			isa = XCBuildConfiguration;
			baseConfigurationReference = E50017BB947638455F665742 /* Pods-ReactantKlozet.release.xcconfig */;
			buildSettings = {
				ASSETCATALOG_COMPILER_APPICON_NAME = AppIcon;
				CODE_SIGN_STYLE = Automatic;
				DEVELOPMENT_TEAM = QH95ER52SG;
				INFOPLIST_FILE = "$(SRCROOT)/Application/Resource/Info.plist";
				LD_RUNPATH_SEARCH_PATHS = "$(inherited) @executable_path/Frameworks";
				PRODUCT_BUNDLE_IDENTIFIER = marekfort.ReactantKlozet;
				PRODUCT_NAME = "$(TARGET_NAME)";
				SWIFT_VERSION = 4.0;
				TARGETED_DEVICE_FAMILY = "1,2";
			};
			name = Release;
		};
		F860AD612002806D00EEC753 /* Debug */ = {
			isa = XCBuildConfiguration;
			baseConfigurationReference = 71DF755F96F44BB9F9DC07FC /* Pods-ReactantKlozetTests.debug.xcconfig */;
			buildSettings = {
				ALWAYS_EMBED_SWIFT_STANDARD_LIBRARIES = YES;
				BUNDLE_LOADER = "$(TEST_HOST)";
				CODE_SIGN_STYLE = Automatic;
				DEVELOPMENT_TEAM = QH95ER52SG;
				INFOPLIST_FILE = ReactantKlozetTests/Info.plist;
				LD_RUNPATH_SEARCH_PATHS = "$(inherited) @executable_path/Frameworks @loader_path/Frameworks";
				PRODUCT_BUNDLE_IDENTIFIER = marekfort.ReactantKlozetTests;
				PRODUCT_NAME = "$(TARGET_NAME)";
				SWIFT_VERSION = 4.0;
				TARGETED_DEVICE_FAMILY = "1,2";
				TEST_HOST = "$(BUILT_PRODUCTS_DIR)/ReactantKlozet.app/ReactantKlozet";
			};
			name = Debug;
		};
		F860AD622002806D00EEC753 /* Release */ = {
			isa = XCBuildConfiguration;
			baseConfigurationReference = 89F3C021F108E51C73626DCA /* Pods-ReactantKlozetTests.release.xcconfig */;
			buildSettings = {
				ALWAYS_EMBED_SWIFT_STANDARD_LIBRARIES = YES;
				BUNDLE_LOADER = "$(TEST_HOST)";
				CODE_SIGN_STYLE = Automatic;
				DEVELOPMENT_TEAM = QH95ER52SG;
				INFOPLIST_FILE = ReactantKlozetTests/Info.plist;
				LD_RUNPATH_SEARCH_PATHS = "$(inherited) @executable_path/Frameworks @loader_path/Frameworks";
				PRODUCT_BUNDLE_IDENTIFIER = marekfort.ReactantKlozetTests;
				PRODUCT_NAME = "$(TARGET_NAME)";
				SWIFT_VERSION = 4.0;
				TARGETED_DEVICE_FAMILY = "1,2";
				TEST_HOST = "$(BUILT_PRODUCTS_DIR)/ReactantKlozet.app/ReactantKlozet";
			};
			name = Release;
		};
		F860AD642002806D00EEC753 /* Debug */ = {
			isa = XCBuildConfiguration;
			baseConfigurationReference = 56B2878054A9328B61E298DD /* Pods-ReactantKlozetUITests.debug.xcconfig */;
			buildSettings = {
				ALWAYS_EMBED_SWIFT_STANDARD_LIBRARIES = YES;
				CODE_SIGN_STYLE = Automatic;
				DEVELOPMENT_TEAM = QH95ER52SG;
				INFOPLIST_FILE = ReactantKlozetUITests/Info.plist;
				LD_RUNPATH_SEARCH_PATHS = "$(inherited) @executable_path/Frameworks @loader_path/Frameworks";
				PRODUCT_BUNDLE_IDENTIFIER = marekfort.ReactantKlozetUITests;
				PRODUCT_NAME = "$(TARGET_NAME)";
				SWIFT_VERSION = 4.0;
				TARGETED_DEVICE_FAMILY = "1,2";
				TEST_TARGET_NAME = ReactantKlozet;
			};
			name = Debug;
		};
		F860AD652002806D00EEC753 /* Release */ = {
			isa = XCBuildConfiguration;
			baseConfigurationReference = 20C0E51EF5B9458EC888BBFC /* Pods-ReactantKlozetUITests.release.xcconfig */;
			buildSettings = {
				ALWAYS_EMBED_SWIFT_STANDARD_LIBRARIES = YES;
				CODE_SIGN_STYLE = Automatic;
				DEVELOPMENT_TEAM = QH95ER52SG;
				INFOPLIST_FILE = ReactantKlozetUITests/Info.plist;
				LD_RUNPATH_SEARCH_PATHS = "$(inherited) @executable_path/Frameworks @loader_path/Frameworks";
				PRODUCT_BUNDLE_IDENTIFIER = marekfort.ReactantKlozetUITests;
				PRODUCT_NAME = "$(TARGET_NAME)";
				SWIFT_VERSION = 4.0;
				TARGETED_DEVICE_FAMILY = "1,2";
				TEST_TARGET_NAME = ReactantKlozet;
			};
			name = Release;
		};
/* End XCBuildConfiguration section */

/* Begin XCConfigurationList section */
		F860AD2D2002806C00EEC753 /* Build configuration list for PBXProject "ReactantKlozet" */ = {
			isa = XCConfigurationList;
			buildConfigurations = (
				F860AD5B2002806D00EEC753 /* Debug */,
				F860AD5C2002806D00EEC753 /* Release */,
			);
			defaultConfigurationIsVisible = 0;
			defaultConfigurationName = Release;
		};
		F860AD5D2002806D00EEC753 /* Build configuration list for PBXNativeTarget "ReactantKlozet" */ = {
			isa = XCConfigurationList;
			buildConfigurations = (
				F860AD5E2002806D00EEC753 /* Debug */,
				F860AD5F2002806D00EEC753 /* Release */,
			);
			defaultConfigurationIsVisible = 0;
			defaultConfigurationName = Release;
		};
		F860AD602002806D00EEC753 /* Build configuration list for PBXNativeTarget "ReactantKlozetTests" */ = {
			isa = XCConfigurationList;
			buildConfigurations = (
				F860AD612002806D00EEC753 /* Debug */,
				F860AD622002806D00EEC753 /* Release */,
			);
			defaultConfigurationIsVisible = 0;
			defaultConfigurationName = Release;
		};
		F860AD632002806D00EEC753 /* Build configuration list for PBXNativeTarget "ReactantKlozetUITests" */ = {
			isa = XCConfigurationList;
			buildConfigurations = (
				F860AD642002806D00EEC753 /* Debug */,
				F860AD652002806D00EEC753 /* Release */,
			);
			defaultConfigurationIsVisible = 0;
			defaultConfigurationName = Release;
		};
/* End XCConfigurationList section */

/* Begin XCVersionGroup section */
		F860AD3C2002806C00EEC753 /* ReactantKlozet.xcdatamodeld */ = {
			isa = XCVersionGroup;
			children = (
				F860AD3D2002806C00EEC753 /* ReactantKlozet.xcdatamodel */,
			);
			currentVersion = F860AD3D2002806C00EEC753 /* ReactantKlozet.xcdatamodel */;
			path = ReactantKlozet.xcdatamodeld;
			sourceTree = "<group>";
			versionGroupType = wrapper.xcdatamodel;
		};
/* End XCVersionGroup section */
	};
	rootObject = F860AD2A2002806C00EEC753 /* Project object */;
}
